
Microsoft Visual Studio Solution File, Format Version 12.00
Project("{FAE04EC0-301F-11D3-BF4B-00C04F79EFBC}") = "ProgOrientObjeto", "ProgOrientObjeto\ProgOrientObjeto.csproj", "{B5CDBC58-D2B8-4AD5-B153-1F97C6815058}"
EndProject
Global
	GlobalSection(SolutionConfigurationPlatforms) = preSolution
		Debug|Any CPU = Debug|Any CPU
		Release|Any CPU = Release|Any CPU
	EndGlobalSection
	GlobalSection(ProjectConfigurationPlatforms) = postSolution
		{B5CDBC58-D2B8-4AD5-B153-1F97C6815058}.Debug|Any CPU.ActiveCfg = Debug|Any CPU
		{B5CDBC58-D2B8-4AD5-B153-1F97C6815058}.Debug|Any CPU.Build.0 = Debug|Any CPU
		{B5CDBC58-D2B8-4AD5-B153-1F97C6815058}.Release|Any CPU.ActiveCfg = Release|Any CPU
		{B5CDBC58-D2B8-4AD5-B153-1F97C6815058}.Release|Any CPU.Build.0 = Release|Any CPU
	EndGlobalSection
EndGlobal
