
Microsoft Visual Studio Solution File, Format Version 12.00
Project("{FAE04EC0-301F-11D3-BF4B-00C04F79EFBC}") = "Encapsulamento", "Encapsulamento\Encapsulamento.csproj", "{8B3F5F6E-0D84-4A5D-A99A-550E1603D260}"
EndProject
Project("{FAE04EC0-301F-11D3-BF4B-00C04F79EFBC}") = "Metodos", "Metodos\Metodos.csproj", "{0782D791-3DB0-4045-8039-A4E0FD566CF5}"
EndProject
Global
	GlobalSection(SolutionConfigurationPlatforms) = preSolution
		Debug|Any CPU = Debug|Any CPU
		Release|Any CPU = Release|Any CPU
	EndGlobalSection
	GlobalSection(ProjectConfigurationPlatforms) = postSolution
		{8B3F5F6E-0D84-4A5D-A99A-550E1603D260}.Debug|Any CPU.ActiveCfg = Debug|Any CPU
		{8B3F5F6E-0D84-4A5D-A99A-550E1603D260}.Debug|Any CPU.Build.0 = Debug|Any CPU
		{8B3F5F6E-0D84-4A5D-A99A-550E1603D260}.Release|Any CPU.ActiveCfg = Release|Any CPU
		{8B3F5F6E-0D84-4A5D-A99A-550E1603D260}.Release|Any CPU.Build.0 = Release|Any CPU
		{0782D791-3DB0-4045-8039-A4E0FD566CF5}.Debug|Any CPU.ActiveCfg = Debug|Any CPU
		{0782D791-3DB0-4045-8039-A4E0FD566CF5}.Debug|Any CPU.Build.0 = Debug|Any CPU
		{0782D791-3DB0-4045-8039-A4E0FD566CF5}.Release|Any CPU.ActiveCfg = Release|Any CPU
		{0782D791-3DB0-4045-8039-A4E0FD566CF5}.Release|Any CPU.Build.0 = Release|Any CPU
	EndGlobalSection
EndGlobal
