
Microsoft Visual Studio Solution File, Format Version 12.00
Project("{FAE04EC0-301F-11D3-BF4B-00C04F79EFBC}") = "Domain", "Domain\Domain.csproj", "{F4033E8E-06AC-46F5-A19A-9E32FB773927}"
EndProject
Project("{FAE04EC0-301F-11D3-BF4B-00C04F79EFBC}") = "Domain.Test", "Domain.Test\Domain.Test.csproj", "{9881F4FD-B6A4-4720-AD42-A3A7D916F063}"
EndProject
Global
	GlobalSection(SolutionConfigurationPlatforms) = preSolution
		Debug|Any CPU = Debug|Any CPU
		Release|Any CPU = Release|Any CPU
	EndGlobalSection
	GlobalSection(ProjectConfigurationPlatforms) = postSolution
		{F4033E8E-06AC-46F5-A19A-9E32FB773927}.Debug|Any CPU.ActiveCfg = Debug|Any CPU
		{F4033E8E-06AC-46F5-A19A-9E32FB773927}.Debug|Any CPU.Build.0 = Debug|Any CPU
		{F4033E8E-06AC-46F5-A19A-9E32FB773927}.Release|Any CPU.ActiveCfg = Release|Any CPU
		{F4033E8E-06AC-46F5-A19A-9E32FB773927}.Release|Any CPU.Build.0 = Release|Any CPU
		{9881F4FD-B6A4-4720-AD42-A3A7D916F063}.Debug|Any CPU.ActiveCfg = Debug|Any CPU
		{9881F4FD-B6A4-4720-AD42-A3A7D916F063}.Debug|Any CPU.Build.0 = Debug|Any CPU
		{9881F4FD-B6A4-4720-AD42-A3A7D916F063}.Release|Any CPU.ActiveCfg = Release|Any CPU
		{9881F4FD-B6A4-4720-AD42-A3A7D916F063}.Release|Any CPU.Build.0 = Release|Any CPU
	EndGlobalSection
EndGlobal
