
Microsoft Visual Studio Solution File, Format Version 12.00
Project("{FAE04EC0-301F-11D3-BF4B-00C04F79EFBC}") = "Encapsulamento", "Encapsulamento\Encapsulamento.csproj", "{3C00D091-6C1A-4DF0-BB5E-AB01E7C21E45}"
EndProject
Project("{FAE04EC0-301F-11D3-BF4B-00C04F79EFBC}") = "Metodos", "Metodos\Metodos.csproj", "{6897B747-9E9C-4A94-9957-35469FAAA93A}"
EndProject
Project("{FAE04EC0-301F-11D3-BF4B-00C04F79EFBC}") = "Construtor", "Construtor\Construtor.csproj", "{03B10ED3-4C06-466B-88AD-9D5D33CC58FE}"
EndProject
Project("{FAE04EC0-301F-11D3-BF4B-00C04F79EFBC}") = "GetSet", "GetSet\GetSet.csproj", "{4658CF7F-98A0-4024-9776-BC0944E2AC57}"
EndProject
Project("{FAE04EC0-301F-11D3-BF4B-00C04F79EFBC}") = "Exerc.IMC", "Exerc.IMC\Exerc.IMC.csproj", "{4B34F9B1-BA23-4FA3-BC3C-7E14480E66A5}"
EndProject
Project("{FAE04EC0-301F-11D3-BF4B-00C04F79EFBC}") = "This", "This\This.csproj", "{E8A4BE61-B450-4CB1-BD6F-0796DD4405E8}"
EndProject
Project("{FAE04EC0-301F-11D3-BF4B-00C04F79EFBC}") = "Heranca", "Heranca\Heranca.csproj", "{EBBFA953-A210-4888-ADB9-C5B6F52BDDE7}"
EndProject
Project("{FAE04EC0-301F-11D3-BF4B-00C04F79EFBC}") = "Polimorfismo", "Polimorfismo\Polimorfismo.csproj", "{1230B758-EC83-41B2-AB1E-FE7E6D837070}"
EndProject
Project("{FAE04EC0-301F-11D3-BF4B-00C04F79EFBC}") = "Estatico", "Estatico\Estatico.csproj", "{BBD4E510-6D37-4CE6-9026-54D3012E146C}"
EndProject
Global
	GlobalSection(SolutionConfigurationPlatforms) = preSolution
		Debug|Any CPU = Debug|Any CPU
		Release|Any CPU = Release|Any CPU
	EndGlobalSection
	GlobalSection(ProjectConfigurationPlatforms) = postSolution
		{3C00D091-6C1A-4DF0-BB5E-AB01E7C21E45}.Debug|Any CPU.ActiveCfg = Debug|Any CPU
		{3C00D091-6C1A-4DF0-BB5E-AB01E7C21E45}.Debug|Any CPU.Build.0 = Debug|Any CPU
		{3C00D091-6C1A-4DF0-BB5E-AB01E7C21E45}.Release|Any CPU.ActiveCfg = Release|Any CPU
		{3C00D091-6C1A-4DF0-BB5E-AB01E7C21E45}.Release|Any CPU.Build.0 = Release|Any CPU
		{6897B747-9E9C-4A94-9957-35469FAAA93A}.Debug|Any CPU.ActiveCfg = Debug|Any CPU
		{6897B747-9E9C-4A94-9957-35469FAAA93A}.Debug|Any CPU.Build.0 = Debug|Any CPU
		{6897B747-9E9C-4A94-9957-35469FAAA93A}.Release|Any CPU.ActiveCfg = Release|Any CPU
		{6897B747-9E9C-4A94-9957-35469FAAA93A}.Release|Any CPU.Build.0 = Release|Any CPU
		{03B10ED3-4C06-466B-88AD-9D5D33CC58FE}.Debug|Any CPU.ActiveCfg = Debug|Any CPU
		{03B10ED3-4C06-466B-88AD-9D5D33CC58FE}.Debug|Any CPU.Build.0 = Debug|Any CPU
		{03B10ED3-4C06-466B-88AD-9D5D33CC58FE}.Release|Any CPU.ActiveCfg = Release|Any CPU
		{03B10ED3-4C06-466B-88AD-9D5D33CC58FE}.Release|Any CPU.Build.0 = Release|Any CPU
		{4658CF7F-98A0-4024-9776-BC0944E2AC57}.Debug|Any CPU.ActiveCfg = Debug|Any CPU
		{4658CF7F-98A0-4024-9776-BC0944E2AC57}.Debug|Any CPU.Build.0 = Debug|Any CPU
		{4658CF7F-98A0-4024-9776-BC0944E2AC57}.Release|Any CPU.ActiveCfg = Release|Any CPU
		{4658CF7F-98A0-4024-9776-BC0944E2AC57}.Release|Any CPU.Build.0 = Release|Any CPU
		{4B34F9B1-BA23-4FA3-BC3C-7E14480E66A5}.Debug|Any CPU.ActiveCfg = Debug|Any CPU
		{4B34F9B1-BA23-4FA3-BC3C-7E14480E66A5}.Debug|Any CPU.Build.0 = Debug|Any CPU
		{4B34F9B1-BA23-4FA3-BC3C-7E14480E66A5}.Release|Any CPU.ActiveCfg = Release|Any CPU
		{4B34F9B1-BA23-4FA3-BC3C-7E14480E66A5}.Release|Any CPU.Build.0 = Release|Any CPU
		{E8A4BE61-B450-4CB1-BD6F-0796DD4405E8}.Debug|Any CPU.ActiveCfg = Debug|Any CPU
		{E8A4BE61-B450-4CB1-BD6F-0796DD4405E8}.Debug|Any CPU.Build.0 = Debug|Any CPU
		{E8A4BE61-B450-4CB1-BD6F-0796DD4405E8}.Release|Any CPU.ActiveCfg = Release|Any CPU
		{E8A4BE61-B450-4CB1-BD6F-0796DD4405E8}.Release|Any CPU.Build.0 = Release|Any CPU
		{EBBFA953-A210-4888-ADB9-C5B6F52BDDE7}.Debug|Any CPU.ActiveCfg = Debug|Any CPU
		{EBBFA953-A210-4888-ADB9-C5B6F52BDDE7}.Debug|Any CPU.Build.0 = Debug|Any CPU
		{EBBFA953-A210-4888-ADB9-C5B6F52BDDE7}.Release|Any CPU.ActiveCfg = Release|Any CPU
		{EBBFA953-A210-4888-ADB9-C5B6F52BDDE7}.Release|Any CPU.Build.0 = Release|Any CPU
		{1230B758-EC83-41B2-AB1E-FE7E6D837070}.Debug|Any CPU.ActiveCfg = Debug|Any CPU
		{1230B758-EC83-41B2-AB1E-FE7E6D837070}.Debug|Any CPU.Build.0 = Debug|Any CPU
		{1230B758-EC83-41B2-AB1E-FE7E6D837070}.Release|Any CPU.ActiveCfg = Release|Any CPU
		{1230B758-EC83-41B2-AB1E-FE7E6D837070}.Release|Any CPU.Build.0 = Release|Any CPU
		{BBD4E510-6D37-4CE6-9026-54D3012E146C}.Debug|Any CPU.ActiveCfg = Debug|Any CPU
		{BBD4E510-6D37-4CE6-9026-54D3012E146C}.Debug|Any CPU.Build.0 = Debug|Any CPU
		{BBD4E510-6D37-4CE6-9026-54D3012E146C}.Release|Any CPU.ActiveCfg = Release|Any CPU
		{BBD4E510-6D37-4CE6-9026-54D3012E146C}.Release|Any CPU.Build.0 = Release|Any CPU
	EndGlobalSection
EndGlobal
