
Microsoft Visual Studio Solution File, Format Version 12.00
Project("{FAE04EC0-301F-11D3-BF4B-00C04F79EFBC}") = "Encapsulamento", "Encapsulamento\Encapsulamento.csproj", "{3C00D091-6C1A-4DF0-BB5E-AB01E7C21E45}"
EndProject
Project("{FAE04EC0-301F-11D3-BF4B-00C04F79EFBC}") = "Metodos", "Metodos\Metodos.csproj", "{6897B747-9E9C-4A94-9957-35469FAAA93A}"
EndProject
Project("{FAE04EC0-301F-11D3-BF4B-00C04F79EFBC}") = "Construtor", "Construtor\Construtor.csproj", "{03B10ED3-4C06-466B-88AD-9D5D33CC58FE}"
EndProject
Project("{FAE04EC0-301F-11D3-BF4B-00C04F79EFBC}") = "GetSet", "GetSet\GetSet.csproj", "{4658CF7F-98A0-4024-9776-BC0944E2AC57}"
EndProject
Global
	GlobalSection(SolutionConfigurationPlatforms) = preSolution
		Debug|Any CPU = Debug|Any CPU
		Release|Any CPU = Release|Any CPU
	EndGlobalSection
	GlobalSection(ProjectConfigurationPlatforms) = postSolution
		{3C00D091-6C1A-4DF0-BB5E-AB01E7C21E45}.Debug|Any CPU.ActiveCfg = Debug|Any CPU
		{3C00D091-6C1A-4DF0-BB5E-AB01E7C21E45}.Debug|Any CPU.Build.0 = Debug|Any CPU
		{3C00D091-6C1A-4DF0-BB5E-AB01E7C21E45}.Release|Any CPU.ActiveCfg = Release|Any CPU
		{3C00D091-6C1A-4DF0-BB5E-AB01E7C21E45}.Release|Any CPU.Build.0 = Release|Any CPU
		{6897B747-9E9C-4A94-9957-35469FAAA93A}.Debug|Any CPU.ActiveCfg = Debug|Any CPU
		{6897B747-9E9C-4A94-9957-35469FAAA93A}.Debug|Any CPU.Build.0 = Debug|Any CPU
		{6897B747-9E9C-4A94-9957-35469FAAA93A}.Release|Any CPU.ActiveCfg = Release|Any CPU
		{6897B747-9E9C-4A94-9957-35469FAAA93A}.Release|Any CPU.Build.0 = Release|Any CPU
		{03B10ED3-4C06-466B-88AD-9D5D33CC58FE}.Debug|Any CPU.ActiveCfg = Debug|Any CPU
		{03B10ED3-4C06-466B-88AD-9D5D33CC58FE}.Debug|Any CPU.Build.0 = Debug|Any CPU
		{03B10ED3-4C06-466B-88AD-9D5D33CC58FE}.Release|Any CPU.ActiveCfg = Release|Any CPU
		{03B10ED3-4C06-466B-88AD-9D5D33CC58FE}.Release|Any CPU.Build.0 = Release|Any CPU
		{4658CF7F-98A0-4024-9776-BC0944E2AC57}.Debug|Any CPU.ActiveCfg = Debug|Any CPU
		{4658CF7F-98A0-4024-9776-BC0944E2AC57}.Debug|Any CPU.Build.0 = Debug|Any CPU
		{4658CF7F-98A0-4024-9776-BC0944E2AC57}.Release|Any CPU.ActiveCfg = Release|Any CPU
		{4658CF7F-98A0-4024-9776-BC0944E2AC57}.Release|Any CPU.Build.0 = Release|Any CPU
	EndGlobalSection
EndGlobal
