
Microsoft Visual Studio Solution File, Format Version 12.00
Project("{FAE04EC0-301F-11D3-BF4B-00C04F79EFBC}") = "Encapsulamento", "Encapsulamento\Encapsulamento.csproj", "{3C00D091-6C1A-4DF0-BB5E-AB01E7C21E45}"
EndProject
Project("{FAE04EC0-301F-11D3-BF4B-00C04F79EFBC}") = "Metodos", "Metodos\Metodos.csproj", "{6897B747-9E9C-4A94-9957-35469FAAA93A}"
EndProject
Project("{FAE04EC0-301F-11D3-BF4B-00C04F79EFBC}") = "Construtor", "Construtor\Construtor.csproj", "{03B10ED3-4C06-466B-88AD-9D5D33CC58FE}"
EndProject
Project("{FAE04EC0-301F-11D3-BF4B-00C04F79EFBC}") = "GetSet", "GetSet\GetSet.csproj", "{4658CF7F-98A0-4024-9776-BC0944E2AC57}"
EndProject
Project("{FAE04EC0-301F-11D3-BF4B-00C04F79EFBC}") = "Exerc.IMC", "Exerc.IMC\Exerc.IMC.csproj", "{4B34F9B1-BA23-4FA3-BC3C-7E14480E66A5}"
EndProject
Project("{FAE04EC0-301F-11D3-BF4B-00C04F79EFBC}") = "This", "This\This.csproj", "{E8A4BE61-B450-4CB1-BD6F-0796DD4405E8}"
EndProject
Project("{FAE04EC0-301F-11D3-BF4B-00C04F79EFBC}") = "Heranca", "Heranca\Heranca.csproj", "{EBBFA953-A210-4888-ADB9-C5B6F52BDDE7}"
EndProject
Project("{FAE04EC0-301F-11D3-BF4B-00C04F79EFBC}") = "Polimorfismo", "Polimorfismo\Polimorfismo.csproj", "{1230B758-EC83-41B2-AB1E-FE7E6D837070}"
EndProject
Project("{FAE04EC0-301F-11D3-BF4B-00C04F79EFBC}") = "Estatico", "Estatico\Estatico.csproj", "{BBD4E510-6D37-4CE6-9026-54D3012E146C}"
EndProject
Project("{FAE04EC0-301F-11D3-BF4B-00C04F79EFBC}") = "Abstracao", "Abstracao\Abstracao.csproj", "{A65B119C-9541-4357-9BA2-22E6B809EE11}"
EndProject
Project("{FAE04EC0-301F-11D3-BF4B-00C04F79EFBC}") = "Interface", "Interface\Interface.csproj", "{A8039B99-E783-4E2D-967F-C5BA76D267A8}"
EndProject
Project("{FAE04EC0-301F-11D3-BF4B-00C04F79EFBC}") = "ServicosHeranca", "ServicosHeranca\ServicosHeranca.csproj", "{8D1AE534-7575-4691-A5FF-1EA7FB8DCA31}"
EndProject
Project("{FAE04EC0-301F-11D3-BF4B-00C04F79EFBC}") = "ServicosListaTarefas", "ServicosListaTarefas\ServicosListaTarefas.csproj", "{E3074768-35F2-4369-8788-638638A67669}"
EndProject
Project("{FAE04EC0-301F-11D3-BF4B-00C04F79EFBC}") = "ServicosAgendaContatos", "ServicosAgendaContatos\ServicosAgendaContatos.csproj", "{8A9E8A87-1953-4505-87ED-B91E053C8C96}"
EndProject
Global
	GlobalSection(SolutionConfigurationPlatforms) = preSolution
		Debug|Any CPU = Debug|Any CPU
		Debug|x64 = Debug|x64
		Debug|x86 = Debug|x86
		Release|Any CPU = Release|Any CPU
		Release|x64 = Release|x64
		Release|x86 = Release|x86
	EndGlobalSection
	GlobalSection(ProjectConfigurationPlatforms) = postSolution
		{3C00D091-6C1A-4DF0-BB5E-AB01E7C21E45}.Debug|Any CPU.ActiveCfg = Debug|Any CPU
		{3C00D091-6C1A-4DF0-BB5E-AB01E7C21E45}.Debug|Any CPU.Build.0 = Debug|Any CPU
		{3C00D091-6C1A-4DF0-BB5E-AB01E7C21E45}.Debug|x64.ActiveCfg = Debug|Any CPU
		{3C00D091-6C1A-4DF0-BB5E-AB01E7C21E45}.Debug|x64.Build.0 = Debug|Any CPU
		{3C00D091-6C1A-4DF0-BB5E-AB01E7C21E45}.Debug|x86.ActiveCfg = Debug|Any CPU
		{3C00D091-6C1A-4DF0-BB5E-AB01E7C21E45}.Debug|x86.Build.0 = Debug|Any CPU
		{3C00D091-6C1A-4DF0-BB5E-AB01E7C21E45}.Release|Any CPU.ActiveCfg = Release|Any CPU
		{3C00D091-6C1A-4DF0-BB5E-AB01E7C21E45}.Release|Any CPU.Build.0 = Release|Any CPU
		{3C00D091-6C1A-4DF0-BB5E-AB01E7C21E45}.Release|x64.ActiveCfg = Release|Any CPU
		{3C00D091-6C1A-4DF0-BB5E-AB01E7C21E45}.Release|x64.Build.0 = Release|Any CPU
		{3C00D091-6C1A-4DF0-BB5E-AB01E7C21E45}.Release|x86.ActiveCfg = Release|Any CPU
		{3C00D091-6C1A-4DF0-BB5E-AB01E7C21E45}.Release|x86.Build.0 = Release|Any CPU
		{6897B747-9E9C-4A94-9957-35469FAAA93A}.Debug|Any CPU.ActiveCfg = Debug|Any CPU
		{6897B747-9E9C-4A94-9957-35469FAAA93A}.Debug|Any CPU.Build.0 = Debug|Any CPU
		{6897B747-9E9C-4A94-9957-35469FAAA93A}.Debug|x64.ActiveCfg = Debug|Any CPU
		{6897B747-9E9C-4A94-9957-35469FAAA93A}.Debug|x64.Build.0 = Debug|Any CPU
		{6897B747-9E9C-4A94-9957-35469FAAA93A}.Debug|x86.ActiveCfg = Debug|Any CPU
		{6897B747-9E9C-4A94-9957-35469FAAA93A}.Debug|x86.Build.0 = Debug|Any CPU
		{6897B747-9E9C-4A94-9957-35469FAAA93A}.Release|Any CPU.ActiveCfg = Release|Any CPU
		{6897B747-9E9C-4A94-9957-35469FAAA93A}.Release|Any CPU.Build.0 = Release|Any CPU
		{6897B747-9E9C-4A94-9957-35469FAAA93A}.Release|x64.ActiveCfg = Release|Any CPU
		{6897B747-9E9C-4A94-9957-35469FAAA93A}.Release|x64.Build.0 = Release|Any CPU
		{6897B747-9E9C-4A94-9957-35469FAAA93A}.Release|x86.ActiveCfg = Release|Any CPU
		{6897B747-9E9C-4A94-9957-35469FAAA93A}.Release|x86.Build.0 = Release|Any CPU
		{03B10ED3-4C06-466B-88AD-9D5D33CC58FE}.Debug|Any CPU.ActiveCfg = Debug|Any CPU
		{03B10ED3-4C06-466B-88AD-9D5D33CC58FE}.Debug|Any CPU.Build.0 = Debug|Any CPU
		{03B10ED3-4C06-466B-88AD-9D5D33CC58FE}.Debug|x64.ActiveCfg = Debug|Any CPU
		{03B10ED3-4C06-466B-88AD-9D5D33CC58FE}.Debug|x64.Build.0 = Debug|Any CPU
		{03B10ED3-4C06-466B-88AD-9D5D33CC58FE}.Debug|x86.ActiveCfg = Debug|Any CPU
		{03B10ED3-4C06-466B-88AD-9D5D33CC58FE}.Debug|x86.Build.0 = Debug|Any CPU
		{03B10ED3-4C06-466B-88AD-9D5D33CC58FE}.Release|Any CPU.ActiveCfg = Release|Any CPU
		{03B10ED3-4C06-466B-88AD-9D5D33CC58FE}.Release|Any CPU.Build.0 = Release|Any CPU
		{03B10ED3-4C06-466B-88AD-9D5D33CC58FE}.Release|x64.ActiveCfg = Release|Any CPU
		{03B10ED3-4C06-466B-88AD-9D5D33CC58FE}.Release|x64.Build.0 = Release|Any CPU
		{03B10ED3-4C06-466B-88AD-9D5D33CC58FE}.Release|x86.ActiveCfg = Release|Any CPU
		{03B10ED3-4C06-466B-88AD-9D5D33CC58FE}.Release|x86.Build.0 = Release|Any CPU
		{4658CF7F-98A0-4024-9776-BC0944E2AC57}.Debug|Any CPU.ActiveCfg = Debug|Any CPU
		{4658CF7F-98A0-4024-9776-BC0944E2AC57}.Debug|Any CPU.Build.0 = Debug|Any CPU
		{4658CF7F-98A0-4024-9776-BC0944E2AC57}.Debug|x64.ActiveCfg = Debug|Any CPU
		{4658CF7F-98A0-4024-9776-BC0944E2AC57}.Debug|x64.Build.0 = Debug|Any CPU
		{4658CF7F-98A0-4024-9776-BC0944E2AC57}.Debug|x86.ActiveCfg = Debug|Any CPU
		{4658CF7F-98A0-4024-9776-BC0944E2AC57}.Debug|x86.Build.0 = Debug|Any CPU
		{4658CF7F-98A0-4024-9776-BC0944E2AC57}.Release|Any CPU.ActiveCfg = Release|Any CPU
		{4658CF7F-98A0-4024-9776-BC0944E2AC57}.Release|Any CPU.Build.0 = Release|Any CPU
		{4658CF7F-98A0-4024-9776-BC0944E2AC57}.Release|x64.ActiveCfg = Release|Any CPU
		{4658CF7F-98A0-4024-9776-BC0944E2AC57}.Release|x64.Build.0 = Release|Any CPU
		{4658CF7F-98A0-4024-9776-BC0944E2AC57}.Release|x86.ActiveCfg = Release|Any CPU
		{4658CF7F-98A0-4024-9776-BC0944E2AC57}.Release|x86.Build.0 = Release|Any CPU
		{4B34F9B1-BA23-4FA3-BC3C-7E14480E66A5}.Debug|Any CPU.ActiveCfg = Debug|Any CPU
		{4B34F9B1-BA23-4FA3-BC3C-7E14480E66A5}.Debug|Any CPU.Build.0 = Debug|Any CPU
		{4B34F9B1-BA23-4FA3-BC3C-7E14480E66A5}.Debug|x64.ActiveCfg = Debug|Any CPU
		{4B34F9B1-BA23-4FA3-BC3C-7E14480E66A5}.Debug|x64.Build.0 = Debug|Any CPU
		{4B34F9B1-BA23-4FA3-BC3C-7E14480E66A5}.Debug|x86.ActiveCfg = Debug|Any CPU
		{4B34F9B1-BA23-4FA3-BC3C-7E14480E66A5}.Debug|x86.Build.0 = Debug|Any CPU
		{4B34F9B1-BA23-4FA3-BC3C-7E14480E66A5}.Release|Any CPU.ActiveCfg = Release|Any CPU
		{4B34F9B1-BA23-4FA3-BC3C-7E14480E66A5}.Release|Any CPU.Build.0 = Release|Any CPU
		{4B34F9B1-BA23-4FA3-BC3C-7E14480E66A5}.Release|x64.ActiveCfg = Release|Any CPU
		{4B34F9B1-BA23-4FA3-BC3C-7E14480E66A5}.Release|x64.Build.0 = Release|Any CPU
		{4B34F9B1-BA23-4FA3-BC3C-7E14480E66A5}.Release|x86.ActiveCfg = Release|Any CPU
		{4B34F9B1-BA23-4FA3-BC3C-7E14480E66A5}.Release|x86.Build.0 = Release|Any CPU
		{E8A4BE61-B450-4CB1-BD6F-0796DD4405E8}.Debug|Any CPU.ActiveCfg = Debug|Any CPU
		{E8A4BE61-B450-4CB1-BD6F-0796DD4405E8}.Debug|Any CPU.Build.0 = Debug|Any CPU
		{E8A4BE61-B450-4CB1-BD6F-0796DD4405E8}.Debug|x64.ActiveCfg = Debug|Any CPU
		{E8A4BE61-B450-4CB1-BD6F-0796DD4405E8}.Debug|x64.Build.0 = Debug|Any CPU
		{E8A4BE61-B450-4CB1-BD6F-0796DD4405E8}.Debug|x86.ActiveCfg = Debug|Any CPU
		{E8A4BE61-B450-4CB1-BD6F-0796DD4405E8}.Debug|x86.Build.0 = Debug|Any CPU
		{E8A4BE61-B450-4CB1-BD6F-0796DD4405E8}.Release|Any CPU.ActiveCfg = Release|Any CPU
		{E8A4BE61-B450-4CB1-BD6F-0796DD4405E8}.Release|Any CPU.Build.0 = Release|Any CPU
		{E8A4BE61-B450-4CB1-BD6F-0796DD4405E8}.Release|x64.ActiveCfg = Release|Any CPU
		{E8A4BE61-B450-4CB1-BD6F-0796DD4405E8}.Release|x64.Build.0 = Release|Any CPU
		{E8A4BE61-B450-4CB1-BD6F-0796DD4405E8}.Release|x86.ActiveCfg = Release|Any CPU
		{E8A4BE61-B450-4CB1-BD6F-0796DD4405E8}.Release|x86.Build.0 = Release|Any CPU
		{EBBFA953-A210-4888-ADB9-C5B6F52BDDE7}.Debug|Any CPU.ActiveCfg = Debug|Any CPU
		{EBBFA953-A210-4888-ADB9-C5B6F52BDDE7}.Debug|Any CPU.Build.0 = Debug|Any CPU
		{EBBFA953-A210-4888-ADB9-C5B6F52BDDE7}.Debug|x64.ActiveCfg = Debug|Any CPU
		{EBBFA953-A210-4888-ADB9-C5B6F52BDDE7}.Debug|x64.Build.0 = Debug|Any CPU
		{EBBFA953-A210-4888-ADB9-C5B6F52BDDE7}.Debug|x86.ActiveCfg = Debug|Any CPU
		{EBBFA953-A210-4888-ADB9-C5B6F52BDDE7}.Debug|x86.Build.0 = Debug|Any CPU
		{EBBFA953-A210-4888-ADB9-C5B6F52BDDE7}.Release|Any CPU.ActiveCfg = Release|Any CPU
		{EBBFA953-A210-4888-ADB9-C5B6F52BDDE7}.Release|Any CPU.Build.0 = Release|Any CPU
		{EBBFA953-A210-4888-ADB9-C5B6F52BDDE7}.Release|x64.ActiveCfg = Release|Any CPU
		{EBBFA953-A210-4888-ADB9-C5B6F52BDDE7}.Release|x64.Build.0 = Release|Any CPU
		{EBBFA953-A210-4888-ADB9-C5B6F52BDDE7}.Release|x86.ActiveCfg = Release|Any CPU
		{EBBFA953-A210-4888-ADB9-C5B6F52BDDE7}.Release|x86.Build.0 = Release|Any CPU
		{1230B758-EC83-41B2-AB1E-FE7E6D837070}.Debug|Any CPU.ActiveCfg = Debug|Any CPU
		{1230B758-EC83-41B2-AB1E-FE7E6D837070}.Debug|Any CPU.Build.0 = Debug|Any CPU
		{1230B758-EC83-41B2-AB1E-FE7E6D837070}.Debug|x64.ActiveCfg = Debug|Any CPU
		{1230B758-EC83-41B2-AB1E-FE7E6D837070}.Debug|x64.Build.0 = Debug|Any CPU
		{1230B758-EC83-41B2-AB1E-FE7E6D837070}.Debug|x86.ActiveCfg = Debug|Any CPU
		{1230B758-EC83-41B2-AB1E-FE7E6D837070}.Debug|x86.Build.0 = Debug|Any CPU
		{1230B758-EC83-41B2-AB1E-FE7E6D837070}.Release|Any CPU.ActiveCfg = Release|Any CPU
		{1230B758-EC83-41B2-AB1E-FE7E6D837070}.Release|Any CPU.Build.0 = Release|Any CPU
		{1230B758-EC83-41B2-AB1E-FE7E6D837070}.Release|x64.ActiveCfg = Release|Any CPU
		{1230B758-EC83-41B2-AB1E-FE7E6D837070}.Release|x64.Build.0 = Release|Any CPU
		{1230B758-EC83-41B2-AB1E-FE7E6D837070}.Release|x86.ActiveCfg = Release|Any CPU
		{1230B758-EC83-41B2-AB1E-FE7E6D837070}.Release|x86.Build.0 = Release|Any CPU
		{BBD4E510-6D37-4CE6-9026-54D3012E146C}.Debug|Any CPU.ActiveCfg = Debug|Any CPU
		{BBD4E510-6D37-4CE6-9026-54D3012E146C}.Debug|Any CPU.Build.0 = Debug|Any CPU
		{BBD4E510-6D37-4CE6-9026-54D3012E146C}.Debug|x64.ActiveCfg = Debug|Any CPU
		{BBD4E510-6D37-4CE6-9026-54D3012E146C}.Debug|x64.Build.0 = Debug|Any CPU
		{BBD4E510-6D37-4CE6-9026-54D3012E146C}.Debug|x86.ActiveCfg = Debug|Any CPU
		{BBD4E510-6D37-4CE6-9026-54D3012E146C}.Debug|x86.Build.0 = Debug|Any CPU
		{BBD4E510-6D37-4CE6-9026-54D3012E146C}.Release|Any CPU.ActiveCfg = Release|Any CPU
		{BBD4E510-6D37-4CE6-9026-54D3012E146C}.Release|Any CPU.Build.0 = Release|Any CPU
		{BBD4E510-6D37-4CE6-9026-54D3012E146C}.Release|x64.ActiveCfg = Release|Any CPU
		{BBD4E510-6D37-4CE6-9026-54D3012E146C}.Release|x64.Build.0 = Release|Any CPU
		{BBD4E510-6D37-4CE6-9026-54D3012E146C}.Release|x86.ActiveCfg = Release|Any CPU
		{BBD4E510-6D37-4CE6-9026-54D3012E146C}.Release|x86.Build.0 = Release|Any CPU
		{A65B119C-9541-4357-9BA2-22E6B809EE11}.Debug|Any CPU.ActiveCfg = Debug|Any CPU
		{A65B119C-9541-4357-9BA2-22E6B809EE11}.Debug|Any CPU.Build.0 = Debug|Any CPU
		{A65B119C-9541-4357-9BA2-22E6B809EE11}.Debug|x64.ActiveCfg = Debug|Any CPU
		{A65B119C-9541-4357-9BA2-22E6B809EE11}.Debug|x64.Build.0 = Debug|Any CPU
		{A65B119C-9541-4357-9BA2-22E6B809EE11}.Debug|x86.ActiveCfg = Debug|Any CPU
		{A65B119C-9541-4357-9BA2-22E6B809EE11}.Debug|x86.Build.0 = Debug|Any CPU
		{A65B119C-9541-4357-9BA2-22E6B809EE11}.Release|Any CPU.ActiveCfg = Release|Any CPU
		{A65B119C-9541-4357-9BA2-22E6B809EE11}.Release|Any CPU.Build.0 = Release|Any CPU
		{A65B119C-9541-4357-9BA2-22E6B809EE11}.Release|x64.ActiveCfg = Release|Any CPU
		{A65B119C-9541-4357-9BA2-22E6B809EE11}.Release|x64.Build.0 = Release|Any CPU
		{A65B119C-9541-4357-9BA2-22E6B809EE11}.Release|x86.ActiveCfg = Release|Any CPU
		{A65B119C-9541-4357-9BA2-22E6B809EE11}.Release|x86.Build.0 = Release|Any CPU
		{A8039B99-E783-4E2D-967F-C5BA76D267A8}.Debug|Any CPU.ActiveCfg = Debug|Any CPU
		{A8039B99-E783-4E2D-967F-C5BA76D267A8}.Debug|Any CPU.Build.0 = Debug|Any CPU
		{A8039B99-E783-4E2D-967F-C5BA76D267A8}.Debug|x64.ActiveCfg = Debug|Any CPU
		{A8039B99-E783-4E2D-967F-C5BA76D267A8}.Debug|x64.Build.0 = Debug|Any CPU
		{A8039B99-E783-4E2D-967F-C5BA76D267A8}.Debug|x86.ActiveCfg = Debug|Any CPU
		{A8039B99-E783-4E2D-967F-C5BA76D267A8}.Debug|x86.Build.0 = Debug|Any CPU
		{A8039B99-E783-4E2D-967F-C5BA76D267A8}.Release|Any CPU.ActiveCfg = Release|Any CPU
		{A8039B99-E783-4E2D-967F-C5BA76D267A8}.Release|Any CPU.Build.0 = Release|Any CPU
		{A8039B99-E783-4E2D-967F-C5BA76D267A8}.Release|x64.ActiveCfg = Release|Any CPU
		{A8039B99-E783-4E2D-967F-C5BA76D267A8}.Release|x64.Build.0 = Release|Any CPU
		{A8039B99-E783-4E2D-967F-C5BA76D267A8}.Release|x86.ActiveCfg = Release|Any CPU
		{A8039B99-E783-4E2D-967F-C5BA76D267A8}.Release|x86.Build.0 = Release|Any CPU
		{8D1AE534-7575-4691-A5FF-1EA7FB8DCA31}.Debug|Any CPU.ActiveCfg = Debug|Any CPU
		{8D1AE534-7575-4691-A5FF-1EA7FB8DCA31}.Debug|Any CPU.Build.0 = Debug|Any CPU
		{8D1AE534-7575-4691-A5FF-1EA7FB8DCA31}.Debug|x64.ActiveCfg = Debug|Any CPU
		{8D1AE534-7575-4691-A5FF-1EA7FB8DCA31}.Debug|x64.Build.0 = Debug|Any CPU
		{8D1AE534-7575-4691-A5FF-1EA7FB8DCA31}.Debug|x86.ActiveCfg = Debug|Any CPU
		{8D1AE534-7575-4691-A5FF-1EA7FB8DCA31}.Debug|x86.Build.0 = Debug|Any CPU
		{8D1AE534-7575-4691-A5FF-1EA7FB8DCA31}.Release|Any CPU.ActiveCfg = Release|Any CPU
		{8D1AE534-7575-4691-A5FF-1EA7FB8DCA31}.Release|Any CPU.Build.0 = Release|Any CPU
		{8D1AE534-7575-4691-A5FF-1EA7FB8DCA31}.Release|x64.ActiveCfg = Release|Any CPU
		{8D1AE534-7575-4691-A5FF-1EA7FB8DCA31}.Release|x64.Build.0 = Release|Any CPU
		{8D1AE534-7575-4691-A5FF-1EA7FB8DCA31}.Release|x86.ActiveCfg = Release|Any CPU
		{8D1AE534-7575-4691-A5FF-1EA7FB8DCA31}.Release|x86.Build.0 = Release|Any CPU
		{E3074768-35F2-4369-8788-638638A67669}.Debug|Any CPU.ActiveCfg = Debug|Any CPU
		{E3074768-35F2-4369-8788-638638A67669}.Debug|Any CPU.Build.0 = Debug|Any CPU
		{E3074768-35F2-4369-8788-638638A67669}.Debug|x64.ActiveCfg = Debug|Any CPU
		{E3074768-35F2-4369-8788-638638A67669}.Debug|x64.Build.0 = Debug|Any CPU
		{E3074768-35F2-4369-8788-638638A67669}.Debug|x86.ActiveCfg = Debug|Any CPU
		{E3074768-35F2-4369-8788-638638A67669}.Debug|x86.Build.0 = Debug|Any CPU
		{E3074768-35F2-4369-8788-638638A67669}.Release|Any CPU.ActiveCfg = Release|Any CPU
		{E3074768-35F2-4369-8788-638638A67669}.Release|Any CPU.Build.0 = Release|Any CPU
		{E3074768-35F2-4369-8788-638638A67669}.Release|x64.ActiveCfg = Release|Any CPU
		{E3074768-35F2-4369-8788-638638A67669}.Release|x64.Build.0 = Release|Any CPU
		{E3074768-35F2-4369-8788-638638A67669}.Release|x86.ActiveCfg = Release|Any CPU
		{E3074768-35F2-4369-8788-638638A67669}.Release|x86.Build.0 = Release|Any CPU
		{8A9E8A87-1953-4505-87ED-B91E053C8C96}.Debug|Any CPU.ActiveCfg = Debug|Any CPU
		{8A9E8A87-1953-4505-87ED-B91E053C8C96}.Debug|Any CPU.Build.0 = Debug|Any CPU
		{8A9E8A87-1953-4505-87ED-B91E053C8C96}.Debug|x64.ActiveCfg = Debug|Any CPU
		{8A9E8A87-1953-4505-87ED-B91E053C8C96}.Debug|x64.Build.0 = Debug|Any CPU
		{8A9E8A87-1953-4505-87ED-B91E053C8C96}.Debug|x86.ActiveCfg = Debug|Any CPU
		{8A9E8A87-1953-4505-87ED-B91E053C8C96}.Debug|x86.Build.0 = Debug|Any CPU
		{8A9E8A87-1953-4505-87ED-B91E053C8C96}.Release|Any CPU.ActiveCfg = Release|Any CPU
		{8A9E8A87-1953-4505-87ED-B91E053C8C96}.Release|Any CPU.Build.0 = Release|Any CPU
		{8A9E8A87-1953-4505-87ED-B91E053C8C96}.Release|x64.ActiveCfg = Release|Any CPU
		{8A9E8A87-1953-4505-87ED-B91E053C8C96}.Release|x64.Build.0 = Release|Any CPU
		{8A9E8A87-1953-4505-87ED-B91E053C8C96}.Release|x86.ActiveCfg = Release|Any CPU
		{8A9E8A87-1953-4505-87ED-B91E053C8C96}.Release|x86.Build.0 = Release|Any CPU
	EndGlobalSection
	GlobalSection(SolutionProperties) = preSolution
		HideSolutionNode = FALSE
	EndGlobalSection
EndGlobal
