
Microsoft Visual Studio Solution File, Format Version 12.00
# Visual Studio Version 17
VisualStudioVersion = 17.0.31903.59
MinimumVisualStudioVersion = 10.0.40219.1
Project("{FAE04EC0-301F-11D3-BF4B-00C04F79EFBC}") = "Variables", "Variables\Variables.csproj", "{676D1F60-F855-47AB-8FDB-9427309A76CA}"
EndProject
Project("{FAE04EC0-301F-11D3-BF4B-00C04F79EFBC}") = "If-Else-Lambda", "If-Else-Lambda\If-Else-Lambda.csproj", "{EF72472D-B498-4B36-BF81-6BA9403370CD}"
EndProject
Project("{FAE04EC0-301F-11D3-BF4B-00C04F79EFBC}") = "LINQ", "LINQ\LINQ.csproj", "{CF8C1A5F-81C3-4AF6-AEF3-89D1FBE45E15}"
EndProject
Global
	GlobalSection(SolutionConfigurationPlatforms) = preSolution
		Debug|Any CPU = Debug|Any CPU
		Debug|x64 = Debug|x64
		Debug|x86 = Debug|x86
		Release|Any CPU = Release|Any CPU
		Release|x64 = Release|x64
		Release|x86 = Release|x86
	EndGlobalSection
	GlobalSection(ProjectConfigurationPlatforms) = postSolution
		{676D1F60-F855-47AB-8FDB-9427309A76CA}.Debug|Any CPU.ActiveCfg = Debug|Any CPU
		{676D1F60-F855-47AB-8FDB-9427309A76CA}.Debug|Any CPU.Build.0 = Debug|Any CPU
		{676D1F60-F855-47AB-8FDB-9427309A76CA}.Debug|x64.ActiveCfg = Debug|Any CPU
		{676D1F60-F855-47AB-8FDB-9427309A76CA}.Debug|x64.Build.0 = Debug|Any CPU
		{676D1F60-F855-47AB-8FDB-9427309A76CA}.Debug|x86.ActiveCfg = Debug|Any CPU
		{676D1F60-F855-47AB-8FDB-9427309A76CA}.Debug|x86.Build.0 = Debug|Any CPU
		{676D1F60-F855-47AB-8FDB-9427309A76CA}.Release|Any CPU.ActiveCfg = Release|Any CPU
		{676D1F60-F855-47AB-8FDB-9427309A76CA}.Release|Any CPU.Build.0 = Release|Any CPU
		{676D1F60-F855-47AB-8FDB-9427309A76CA}.Release|x64.ActiveCfg = Release|Any CPU
		{676D1F60-F855-47AB-8FDB-9427309A76CA}.Release|x64.Build.0 = Release|Any CPU
		{676D1F60-F855-47AB-8FDB-9427309A76CA}.Release|x86.ActiveCfg = Release|Any CPU
		{676D1F60-F855-47AB-8FDB-9427309A76CA}.Release|x86.Build.0 = Release|Any CPU
		{EF72472D-B498-4B36-BF81-6BA9403370CD}.Debug|Any CPU.ActiveCfg = Debug|Any CPU
		{EF72472D-B498-4B36-BF81-6BA9403370CD}.Debug|Any CPU.Build.0 = Debug|Any CPU
		{EF72472D-B498-4B36-BF81-6BA9403370CD}.Debug|x64.ActiveCfg = Debug|Any CPU
		{EF72472D-B498-4B36-BF81-6BA9403370CD}.Debug|x64.Build.0 = Debug|Any CPU
		{EF72472D-B498-4B36-BF81-6BA9403370CD}.Debug|x86.ActiveCfg = Debug|Any CPU
		{EF72472D-B498-4B36-BF81-6BA9403370CD}.Debug|x86.Build.0 = Debug|Any CPU
		{EF72472D-B498-4B36-BF81-6BA9403370CD}.Release|Any CPU.ActiveCfg = Release|Any CPU
		{EF72472D-B498-4B36-BF81-6BA9403370CD}.Release|Any CPU.Build.0 = Release|Any CPU
		{EF72472D-B498-4B36-BF81-6BA9403370CD}.Release|x64.ActiveCfg = Release|Any CPU
		{EF72472D-B498-4B36-BF81-6BA9403370CD}.Release|x64.Build.0 = Release|Any CPU
		{EF72472D-B498-4B36-BF81-6BA9403370CD}.Release|x86.ActiveCfg = Release|Any CPU
		{EF72472D-B498-4B36-BF81-6BA9403370CD}.Release|x86.Build.0 = Release|Any CPU
		{CF8C1A5F-81C3-4AF6-AEF3-89D1FBE45E15}.Debug|Any CPU.ActiveCfg = Debug|Any CPU
		{CF8C1A5F-81C3-4AF6-AEF3-89D1FBE45E15}.Debug|Any CPU.Build.0 = Debug|Any CPU
		{CF8C1A5F-81C3-4AF6-AEF3-89D1FBE45E15}.Debug|x64.ActiveCfg = Debug|Any CPU
		{CF8C1A5F-81C3-4AF6-AEF3-89D1FBE45E15}.Debug|x64.Build.0 = Debug|Any CPU
		{CF8C1A5F-81C3-4AF6-AEF3-89D1FBE45E15}.Debug|x86.ActiveCfg = Debug|Any CPU
		{CF8C1A5F-81C3-4AF6-AEF3-89D1FBE45E15}.Debug|x86.Build.0 = Debug|Any CPU
		{CF8C1A5F-81C3-4AF6-AEF3-89D1FBE45E15}.Release|Any CPU.ActiveCfg = Release|Any CPU
		{CF8C1A5F-81C3-4AF6-AEF3-89D1FBE45E15}.Release|Any CPU.Build.0 = Release|Any CPU
		{CF8C1A5F-81C3-4AF6-AEF3-89D1FBE45E15}.Release|x64.ActiveCfg = Release|Any CPU
		{CF8C1A5F-81C3-4AF6-AEF3-89D1FBE45E15}.Release|x64.Build.0 = Release|Any CPU
		{CF8C1A5F-81C3-4AF6-AEF3-89D1FBE45E15}.Release|x86.ActiveCfg = Release|Any CPU
		{CF8C1A5F-81C3-4AF6-AEF3-89D1FBE45E15}.Release|x86.Build.0 = Release|Any CPU
	EndGlobalSection
	GlobalSection(SolutionProperties) = preSolution
		HideSolutionNode = FALSE
	EndGlobalSection
EndGlobal
